PODS:
  - Flutter (1.0.0)
  - fluttertoast (0.0.2):
    - Flutter
    - Toast
  - metamap_plugin_flutter (4.1.2):
    - Flutter
    - MetaMapSDK (= 3.16.1)
  - MetaMapSDK (3.16.1)
  - Toast (4.0.0)

DEPENDENCIES:
  - Flutter (from `Flutter`)
  - fluttertoast (from `.symlinks/plugins/fluttertoast/ios`)
  - metamap_plugin_flutter (from `.symlinks/plugins/metamap_plugin_flutter/ios`)

SPEC REPOS:
  trunk:
    - MetaMapSDK
    - Toast

EXTERNAL SOURCES:
  Flutter:
    :path: Flutter
  fluttertoast:
    :path: ".symlinks/plugins/fluttertoast/ios"
  metamap_plugin_flutter:
    :path: ".symlinks/plugins/metamap_plugin_flutter/ios"

SPEC CHECKSUMS:
  Flutter: f04841e97a9d0b0a8025694d0796dd46242b2854
  fluttertoast: eb263d302cc92e04176c053d2385237e9f43fad0
  metamap_plugin_flutter: 41806c4bea29c6a4b119d9305cd2b97c7ed274de
  MetaMapSDK: 387330ef85ffd66545ab95e70e4a50078bf37347
  Toast: 91b396c56ee72a5790816f40d3a94dd357abc196

PODFILE CHECKSUM: 4e8f8b2be68aeea4c0d5beb6ff1e79fface1d048

COCOAPODS: 1.12.1
