PODS:
  - Mati-Global-ID-SDK (3.0.3):
    - Socket.IO-Client-Swift
  - Socket.IO-Client-Swift (16.0.1):
    - Starscream (~> 4.0)
  - Starscream (4.0.4)

DEPENDENCIES:
  - Mati-Global-ID-SDK

SPEC REPOS:
  trunk:
    - Mati-Global-ID-SDK
    - Socket.IO-Client-Swift
    - Starscream

SPEC CHECKSUMS:
  Mati-Global-ID-SDK: 281825f03a9ddc96516839fd27649e6333beed5a
  Socket.IO-Client-Swift: c116d6dc9fd6be9c259bacfe143f8725bce7d79e
  Starscream: 5178aed56b316f13fa3bc55694e583d35dd414d9

PODFILE CHECKSUM: 677b96b9a1e2fa469920b0ec599d4a444085c12a

COCOAPODS: 1.10.0
